// !$*UTF8*$!
{
	archiveVersion = 1;
	classes = {
	};
	objectVersion = 55;
	objects = {

/* Begin PBXBuildFile section */
		4708046E28A87EAB00E7177D /* AppDelegate.swift in Sources */ = {isa = PBXBuildFile; fileRef = 4708046D28A87EAB00E7177D /* AppDelegate.swift */; };
		4708047028A87EAB00E7177D /* SceneDelegate.swift in Sources */ = {isa = PBXBuildFile; fileRef = 4708046F28A87EAB00E7177D /* SceneDelegate.swift */; };
		4708047228A87EAB00E7177D /* SavedCityViewController.swift in Sources */ = {isa = PBXBuildFile; fileRef = 4708047128A87EAB00E7177D /* SavedCityViewController.swift */; };
		4708047828A87EAB00E7177D /* Weather.xcdatamodeld in Sources */ = {isa = PBXBuildFile; fileRef = 4708047628A87EAB00E7177D /* Weather.xcdatamodeld */; };
		4708047A28A87EAB00E7177D /* Assets.xcassets in Resources */ = {isa = PBXBuildFile; fileRef = 4708047928A87EAB00E7177D /* Assets.xcassets */; };
		4708047D28A87EAB00E7177D /* LaunchScreen.storyboard in Resources */ = {isa = PBXBuildFile; fileRef = 4708047B28A87EAB00E7177D /* LaunchScreen.storyboard */; };
		4708048628A8802000E7177D /* ServiceManager.swift in Sources */ = {isa = PBXBuildFile; fileRef = 4708048528A8802000E7177D /* ServiceManager.swift */; };
		4708048828A8805600E7177D /* WeatherData.swift in Sources */ = {isa = PBXBuildFile; fileRef = 4708048728A8805600E7177D /* WeatherData.swift */; };
		4708048A28A8815400E7177D /* Main.storyboard in Resources */ = {isa = PBXBuildFile; fileRef = 4708048928A8815400E7177D /* Main.storyboard */; };
		4708048C28A8840C00E7177D /* AddCityViewController.swift in Sources */ = {isa = PBXBuildFile; fileRef = 4708048B28A8840C00E7177D /* AddCityViewController.swift */; };
		47CAFE4128A9F25F00595146 /* SearchCityTableViewController.swift in Sources */ = {isa = PBXBuildFile; fileRef = 47CAFE4028A9F25F00595146 /* SearchCityTableViewController.swift */; };
		47CAFE4328A9F69E00595146 /* CityProtocol.swift in Sources */ = {isa = PBXBuildFile; fileRef = 47CAFE4228A9F69E00595146 /* CityProtocol.swift */; };
/* End PBXBuildFile section */

/* Begin PBXFileReference section */
		4708046A28A87EAB00E7177D /* Weather.app */ = {isa = PBXFileReference; explicitFileType = wrapper.application; includeInIndex = 0; path = Weather.app; sourceTree = BUILT_PRODUCTS_DIR; };
		4708046D28A87EAB00E7177D /* AppDelegate.swift */ = {isa = PBXFileReference; lastKnownFileType = sourcecode.swift; path = AppDelegate.swift; sourceTree = "<group>"; };
		4708046F28A87EAB00E7177D /* SceneDelegate.swift */ = {isa = PBXFileReference; lastKnownFileType = sourcecode.swift; path = SceneDelegate.swift; sourceTree = "<group>"; };
		4708047128A87EAB00E7177D /* SavedCityViewController.swift */ = {isa = PBXFileReference; lastKnownFileType = sourcecode.swift; path = SavedCityViewController.swift; sourceTree = "<group>"; };
		4708047728A87EAB00E7177D /* Weather.xcdatamodel */ = {isa = PBXFileReference; lastKnownFileType = wrapper.xcdatamodel; path = Weather.xcdatamodel; sourceTree = "<group>"; };
		4708047928A87EAB00E7177D /* Assets.xcassets */ = {isa = PBXFileReference; lastKnownFileType = folder.assetcatalog; path = Assets.xcassets; sourceTree = "<group>"; };
		4708047C28A87EAB00E7177D /* Base */ = {isa = PBXFileReference; lastKnownFileType = file.storyboard; name = Base; path = Base.lproj/LaunchScreen.storyboard; sourceTree = "<group>"; };
		4708047E28A87EAB00E7177D /* Info.plist */ = {isa = PBXFileReference; lastKnownFileType = text.plist.xml; path = Info.plist; sourceTree = "<group>"; };
		4708048528A8802000E7177D /* ServiceManager.swift */ = {isa = PBXFileReference; lastKnownFileType = sourcecode.swift; path = ServiceManager.swift; sourceTree = "<group>"; };
		4708048728A8805600E7177D /* WeatherData.swift */ = {isa = PBXFileReference; lastKnownFileType = sourcecode.swift; path = WeatherData.swift; sourceTree = "<group>"; };
		4708048928A8815400E7177D /* Main.storyboard */ = {isa = PBXFileReference; fileEncoding = 4; lastKnownFileType = file.storyboard; path = Main.storyboard; sourceTree = "<group>"; };
		4708048B28A8840C00E7177D /* AddCityViewController.swift */ = {isa = PBXFileReference; lastKnownFileType = sourcecode.swift; path = AddCityViewController.swift; sourceTree = "<group>"; };
		47CAFE4028A9F25F00595146 /* SearchCityTableViewController.swift */ = {isa = PBXFileReference; lastKnownFileType = sourcecode.swift; path = SearchCityTableViewController.swift; sourceTree = "<group>"; };
		47CAFE4228A9F69E00595146 /* CityProtocol.swift */ = {isa = PBXFileReference; lastKnownFileType = sourcecode.swift; path = CityProtocol.swift; sourceTree = "<group>"; };
/* End PBXFileReference section */

/* Begin PBXFrameworksBuildPhase section */
		4708046728A87EAB00E7177D /* Frameworks */ = {
			isa = PBXFrameworksBuildPhase;
			buildActionMask = 2147483647;
			files = (
			);
			runOnlyForDeploymentPostprocessing = 0;
		};
/* End PBXFrameworksBuildPhase section */

/* Begin PBXGroup section */
		4708046128A87EAB00E7177D = {
			isa = PBXGroup;
			children = (
				4708046C28A87EAB00E7177D /* Weather */,
				4708046B28A87EAB00E7177D /* Products */,
			);
			sourceTree = "<group>";
		};
		4708046B28A87EAB00E7177D /* Products */ = {
			isa = PBXGroup;
			children = (
				4708046A28A87EAB00E7177D /* Weather.app */,
			);
			name = Products;
			sourceTree = "<group>";
		};
		4708046C28A87EAB00E7177D /* Weather */ = {
			isa = PBXGroup;
			children = (
				4708046D28A87EAB00E7177D /* AppDelegate.swift */,
				4708046F28A87EAB00E7177D /* SceneDelegate.swift */,
				47CAFE4428A9FFAE00595146 /* VC */,
				4708048428A87FC600E7177D /* Model */,
				47CAFE4528A9FFFB00595146 /* Utils */,
				4708048928A8815400E7177D /* Main.storyboard */,
				4708047928A87EAB00E7177D /* Assets.xcassets */,
				4708047B28A87EAB00E7177D /* LaunchScreen.storyboard */,
				4708047E28A87EAB00E7177D /* Info.plist */,
				4708047628A87EAB00E7177D /* Weather.xcdatamodeld */,
			);
			path = Weather;
			sourceTree = "<group>";
		};
		4708048428A87FC600E7177D /* Model */ = {
			isa = PBXGroup;
			children = (
				4708048528A8802000E7177D /* ServiceManager.swift */,
				4708048728A8805600E7177D /* WeatherData.swift */,
			);
			path = Model;
			sourceTree = "<group>";
		};
		47CAFE4428A9FFAE00595146 /* VC */ = {
			isa = PBXGroup;
			children = (
				4708047128A87EAB00E7177D /* SavedCityViewController.swift */,
				4708048B28A8840C00E7177D /* AddCityViewController.swift */,
				47CAFE4028A9F25F00595146 /* SearchCityTableViewController.swift */,
			);
			path = VC;
			sourceTree = "<group>";
		};
		47CAFE4528A9FFFB00595146 /* Utils */ = {
			isa = PBXGroup;
			children = (
				47CAFE4228A9F69E00595146 /* CityProtocol.swift */,
			);
			path = Utils;
			sourceTree = "<group>";
		};
/* End PBXGroup section */

/* Begin PBXNativeTarget section */
		4708046928A87EAB00E7177D /* Weather */ = {
			isa = PBXNativeTarget;
			buildConfigurationList = 4708048128A87EAB00E7177D /* Build configuration list for PBXNativeTarget "Weather" */;
			buildPhases = (
				4708046628A87EAB00E7177D /* Sources */,
				4708046728A87EAB00E7177D /* Frameworks */,
				4708046828A87EAB00E7177D /* Resources */,
			);
			buildRules = (
			);
			dependencies = (
			);
			name = Weather;
			productName = Weather;
			productReference = 4708046A28A87EAB00E7177D /* Weather.app */;
			productType = "com.apple.product-type.application";
		};
/* End PBXNativeTarget section */

/* Begin PBXProject section */
		4708046228A87EAB00E7177D /* Project object */ = {
			isa = PBXProject;
			attributes = {
				BuildIndependentTargetsInParallel = 1;
				LastSwiftUpdateCheck = 1340;
				LastUpgradeCheck = 1340;
				TargetAttributes = {
					4708046928A87EAB00E7177D = {
						CreatedOnToolsVersion = 13.4.1;
					};
				};
			};
			buildConfigurationList = 4708046528A87EAB00E7177D /* Build configuration list for PBXProject "Weather" */;
			compatibilityVersion = "Xcode 13.0";
			developmentRegion = en;
			hasScannedForEncodings = 0;
			knownRegions = (
				en,
				Base,
			);
			mainGroup = 4708046128A87EAB00E7177D;
			productRefGroup = 4708046B28A87EAB00E7177D /* Products */;
			projectDirPath = "";
			projectRoot = "";
			targets = (
				4708046928A87EAB00E7177D /* Weather */,
			);
		};
/* End PBXProject section */

/* Begin PBXResourcesBuildPhase section */
		4708046828A87EAB00E7177D /* Resources */ = {
			isa = PBXResourcesBuildPhase;
			buildActionMask = 2147483647;
			files = (
				4708047D28A87EAB00E7177D /* LaunchScreen.storyboard in Resources */,
				4708047A28A87EAB00E7177D /* Assets.xcassets in Resources */,
				4708048A28A8815400E7177D /* Main.storyboard in Resources */,
			);
			runOnlyForDeploymentPostprocessing = 0;
		};
/* End PBXResourcesBuildPhase section */

/* Begin PBXSourcesBuildPhase section */
		4708046628A87EAB00E7177D /* Sources */ = {
			isa = PBXSourcesBuildPhase;
			buildActionMask = 2147483647;
			files = (
				4708048628A8802000E7177D /* ServiceManager.swift in Sources */,
				4708047828A87EAB00E7177D /* Weather.xcdatamodeld in Sources */,
				47CAFE4328A9F69E00595146 /* CityProtocol.swift in Sources */,
				4708047228A87EAB00E7177D /* SavedCityViewController.swift in Sources */,
				4708046E28A87EAB00E7177D /* AppDelegate.swift in Sources */,
				47CAFE4128A9F25F00595146 /* SearchCityTableViewController.swift in Sources */,
				4708048828A8805600E7177D /* WeatherData.swift in Sources */,
				4708047028A87EAB00E7177D /* SceneDelegate.swift in Sources */,
				4708048C28A8840C00E7177D /* AddCityViewController.swift in Sources */,
			);
			runOnlyForDeploymentPostprocessing = 0;
		};
/* End PBXSourcesBuildPhase section */

/* Begin PBXVariantGroup section */
		4708047B28A87EAB00E7177D /* LaunchScreen.storyboard */ = {
			isa = PBXVariantGroup;
			children = (
				4708047C28A87EAB00E7177D /* Base */,
			);
			name = LaunchScreen.storyboard;
			sourceTree = "<group>";
		};
/* End PBXVariantGroup section */

/* Begin XCBuildConfiguration section */
		4708047F28A87EAB00E7177D /* Debug */ = {
			isa = XCBuildConfiguration;
			buildSettings = {
				ALWAYS_SEARCH_USER_PATHS = NO;
				CLANG_ANALYZER_NONNULL = YES;
				CLANG_ANALYZER_NUMBER_OBJECT_CONVERSION = YES_AGGRESSIVE;
				CLANG_CXX_LANGUAGE_STANDARD = "gnu++17";
				CLANG_ENABLE_MODULES = YES;
				CLANG_ENABLE_OBJC_ARC = YES;
				CLANG_ENABLE_OBJC_WEAK = YES;
				CLANG_WARN_BLOCK_CAPTURE_AUTORELEASING = YES;
				CLANG_WARN_BOOL_CONVERSION = YES;
				CLANG_WARN_COMMA = YES;
				CLANG_WARN_CONSTANT_CONVERSION = YES;
				CLANG_WARN_DEPRECATED_OBJC_IMPLEMENTATIONS = YES;
				CLANG_WARN_DIRECT_OBJC_ISA_USAGE = YES_ERROR;
				CLANG_WARN_DOCUMENTATION_COMMENTS = YES;
				CLANG_WARN_EMPTY_BODY = YES;
				CLANG_WARN_ENUM_CONVERSION = YES;
				CLANG_WARN_INFINITE_RECURSION = YES;
				CLANG_WARN_INT_CONVERSION = YES;
				CLANG_WARN_NON_LITERAL_NULL_CONVERSION = YES;
				CLANG_WARN_OBJC_IMPLICIT_RETAIN_SELF = YES;
				CLANG_WARN_OBJC_LITERAL_CONVERSION = YES;
				CLANG_WARN_OBJC_ROOT_CLASS = YES_ERROR;
				CLANG_WARN_QUOTED_INCLUDE_IN_FRAMEWORK_HEADER = YES;
				CLANG_WARN_RANGE_LOOP_ANALYSIS = YES;
				CLANG_WARN_STRICT_PROTOTYPES = YES;
				CLANG_WARN_SUSPICIOUS_MOVE = YES;
				CLANG_WARN_UNGUARDED_AVAILABILITY = YES_AGGRESSIVE;
				CLANG_WARN_UNREACHABLE_CODE = YES;
				CLANG_WARN__DUPLICATE_METHOD_MATCH = YES;
				COPY_PHASE_STRIP = NO;
				DEBUG_INFORMATION_FORMAT = dwarf;
				ENABLE_STRICT_OBJC_MSGSEND = YES;
				ENABLE_TESTABILITY = YES;
				GCC_C_LANGUAGE_STANDARD = gnu11;
				GCC_DYNAMIC_NO_PIC = NO;
				GCC_NO_COMMON_BLOCKS = YES;
				GCC_OPTIMIZATION_LEVEL = 0;
				GCC_PREPROCESSOR_DEFINITIONS = (
					"DEBUG=1",
					"$(inherited)",
				);
				GCC_WARN_64_TO_32_BIT_CONVERSION = YES;
				GCC_WARN_ABOUT_RETURN_TYPE = YES_ERROR;
				GCC_WARN_UNDECLARED_SELECTOR = YES;
				GCC_WARN_UNINITIALIZED_AUTOS = YES_AGGRESSIVE;
				GCC_WARN_UNUSED_FUNCTION = YES;
				GCC_WARN_UNUSED_VARIABLE = YES;
				IPHONEOS_DEPLOYMENT_TARGET = 15.5;
				MTL_ENABLE_DEBUG_INFO = INCLUDE_SOURCE;
				MTL_FAST_MATH = YES;
				ONLY_ACTIVE_ARCH = YES;
				SDKROOT = iphoneos;
				SWIFT_ACTIVE_COMPILATION_CONDITIONS = DEBUG;
				SWIFT_OPTIMIZATION_LEVEL = "-Onone";
			};
			name = Debug;
		};
		4708048028A87EAB00E7177D /* Release */ = {
			isa = XCBuildConfiguration;
			buildSettings = {
				ALWAYS_SEARCH_USER_PATHS = NO;
				CLANG_ANALYZER_NONNULL = YES;
				CLANG_ANALYZER_NUMBER_OBJECT_CONVERSION = YES_AGGRESSIVE;
				CLANG_CXX_LANGUAGE_STANDARD = "gnu++17";
				CLANG_ENABLE_MODULES = YES;
				CLANG_ENABLE_OBJC_ARC = YES;
				CLANG_ENABLE_OBJC_WEAK = YES;
				CLANG_WARN_BLOCK_CAPTURE_AUTORELEASING = YES;
				CLANG_WARN_BOOL_CONVERSION = YES;
				CLANG_WARN_COMMA = YES;
				CLANG_WARN_CONSTANT_CONVERSION = YES;
				CLANG_WARN_DEPRECATED_OBJC_IMPLEMENTATIONS = YES;
				CLANG_WARN_DIRECT_OBJC_ISA_USAGE = YES_ERROR;
				CLANG_WARN_DOCUMENTATION_COMMENTS = YES;
				CLANG_WARN_EMPTY_BODY = YES;
				CLANG_WARN_ENUM_CONVERSION = YES;
				CLANG_WARN_INFINITE_RECURSION = YES;
				CLANG_WARN_INT_CONVERSION = YES;
				CLANG_WARN_NON_LITERAL_NULL_CONVERSION = YES;
				CLANG_WARN_OBJC_IMPLICIT_RETAIN_SELF = YES;
				CLANG_WARN_OBJC_LITERAL_CONVERSION = YES;
				CLANG_WARN_OBJC_ROOT_CLASS = YES_ERROR;
				CLANG_WARN_QUOTED_INCLUDE_IN_FRAMEWORK_HEADER = YES;
				CLANG_WARN_RANGE_LOOP_ANALYSIS = YES;
				CLANG_WARN_STRICT_PROTOTYPES = YES;
				CLANG_WARN_SUSPICIOUS_MOVE = YES;
				CLANG_WARN_UNGUARDED_AVAILABILITY = YES_AGGRESSIVE;
				CLANG_WARN_UNREACHABLE_CODE = YES;
				CLANG_WARN__DUPLICATE_METHOD_MATCH = YES;
				COPY_PHASE_STRIP = NO;
				DEBUG_INFORMATION_FORMAT = "dwarf-with-dsym";
				ENABLE_NS_ASSERTIONS = NO;
				ENABLE_STRICT_OBJC_MSGSEND = YES;
				GCC_C_LANGUAGE_STANDARD = gnu11;
				GCC_NO_COMMON_BLOCKS = YES;
				GCC_WARN_64_TO_32_BIT_CONVERSION = YES;
				GCC_WARN_ABOUT_RETURN_TYPE = YES_ERROR;
				GCC_WARN_UNDECLARED_SELECTOR = YES;
				GCC_WARN_UNINITIALIZED_AUTOS = YES_AGGRESSIVE;
				GCC_WARN_UNUSED_FUNCTION = YES;
				GCC_WARN_UNUSED_VARIABLE = YES;
				IPHONEOS_DEPLOYMENT_TARGET = 15.5;
				MTL_ENABLE_DEBUG_INFO = NO;
				MTL_FAST_MATH = YES;
				SDKROOT = iphoneos;
				SWIFT_COMPILATION_MODE = wholemodule;
				SWIFT_OPTIMIZATION_LEVEL = "-O";
				VALIDATE_PRODUCT = YES;
			};
			name = Release;
		};
		4708048228A87EAB00E7177D /* Debug */ = {
			isa = XCBuildConfiguration;
			buildSettings = {
				ASSETCATALOG_COMPILER_APPICON_NAME = AppIcon;
				ASSETCATALOG_COMPILER_GLOBAL_ACCENT_COLOR_NAME = AccentColor;
				CODE_SIGN_STYLE = Automatic;
				CURRENT_PROJECT_VERSION = 1;
				DEVELOPMENT_TEAM = N345XK593J;
				GENERATE_INFOPLIST_FILE = YES;
				INFOPLIST_FILE = Weather/Info.plist;
				INFOPLIST_KEY_UIApplicationSupportsIndirectInputEvents = YES;
				INFOPLIST_KEY_UILaunchStoryboardName = LaunchScreen;
				INFOPLIST_KEY_UIMainStoryboardFile = Main;
				INFOPLIST_KEY_UISupportedInterfaceOrientations_iPad = "UIInterfaceOrientationPortrait UIInterfaceOrientationPortraitUpsideDown UIInterfaceOrientationLandscapeLeft UIInterfaceOrientationLandscapeRight";
				INFOPLIST_KEY_UISupportedInterfaceOrientations_iPhone = "UIInterfaceOrientationPortrait UIInterfaceOrientationLandscapeLeft UIInterfaceOrientationLandscapeRight";
				LD_RUNPATH_SEARCH_PATHS = (
					"$(inherited)",
					"@executable_path/Frameworks",
				);
				MARKETING_VERSION = 1.0;
				PRODUCT_BUNDLE_IDENTIFIER = batunpc.Weather;
				PRODUCT_NAME = "$(TARGET_NAME)";
				SWIFT_EMIT_LOC_STRINGS = YES;
				SWIFT_VERSION = 5.0;
				TARGETED_DEVICE_FAMILY = "1,2";
			};
			name = Debug;
		};
		4708048328A87EAB00E7177D /* Release */ = {
			isa = XCBuildConfiguration;
			buildSettings = {
				ASSETCATALOG_COMPILER_APPICON_NAME = AppIcon;
				ASSETCATALOG_COMPILER_GLOBAL_ACCENT_COLOR_NAME = AccentColor;
				CODE_SIGN_STYLE = Automatic;
				CURRENT_PROJECT_VERSION = 1;
				DEVELOPMENT_TEAM = N345XK593J;
				GENERATE_INFOPLIST_FILE = YES;
				INFOPLIST_FILE = Weather/Info.plist;
				INFOPLIST_KEY_UIApplicationSupportsIndirectInputEvents = YES;
				INFOPLIST_KEY_UILaunchStoryboardName = LaunchScreen;
				INFOPLIST_KEY_UIMainStoryboardFile = Main;
				INFOPLIST_KEY_UISupportedInterfaceOrientations_iPad = "UIInterfaceOrientationPortrait UIInterfaceOrientationPortraitUpsideDown UIInterfaceOrientationLandscapeLeft UIInterfaceOrientationLandscapeRight";
				INFOPLIST_KEY_UISupportedInterfaceOrientations_iPhone = "UIInterfaceOrientationPortrait UIInterfaceOrientationLandscapeLeft UIInterfaceOrientationLandscapeRight";
				LD_RUNPATH_SEARCH_PATHS = (
					"$(inherited)",
					"@executable_path/Frameworks",
				);
				MARKETING_VERSION = 1.0;
				PRODUCT_BUNDLE_IDENTIFIER = batunpc.Weather;
				PRODUCT_NAME = "$(TARGET_NAME)";
				SWIFT_EMIT_LOC_STRINGS = YES;
				SWIFT_VERSION = 5.0;
				TARGETED_DEVICE_FAMILY = "1,2";
			};
			name = Release;
		};
/* End XCBuildConfiguration section */

/* Begin XCConfigurationList section */
		4708046528A87EAB00E7177D /* Build configuration list for PBXProject "Weather" */ = {
			isa = XCConfigurationList;
			buildConfigurations = (
				4708047F28A87EAB00E7177D /* Debug */,
				4708048028A87EAB00E7177D /* Release */,
			);
			defaultConfigurationIsVisible = 0;
			defaultConfigurationName = Release;
		};
		4708048128A87EAB00E7177D /* Build configuration list for PBXNativeTarget "Weather" */ = {
			isa = XCConfigurationList;
			buildConfigurations = (
				4708048228A87EAB00E7177D /* Debug */,
				4708048328A87EAB00E7177D /* Release */,
			);
			defaultConfigurationIsVisible = 0;
			defaultConfigurationName = Release;
		};
/* End XCConfigurationList section */

/* Begin XCVersionGroup section */
		4708047628A87EAB00E7177D /* Weather.xcdatamodeld */ = {
			isa = XCVersionGroup;
			children = (
				4708047728A87EAB00E7177D /* Weather.xcdatamodel */,
			);
			currentVersion = 4708047728A87EAB00E7177D /* Weather.xcdatamodel */;
			path = Weather.xcdatamodeld;
			sourceTree = "<group>";
			versionGroupType = wrapper.xcdatamodel;
		};
/* End XCVersionGroup section */
	};
	rootObject = 4708046228A87EAB00E7177D /* Project object */;
}
