// !$*UTF8*$!
{
	archiveVersion = 1;
	classes = {
	};
	objectVersion = 55;
	objects = {

/* Begin PBXBuildFile section */
		47239C0C284B3CCD003A8600 /* AppDelegate.m in Sources */ = {isa = PBXBuildFile; fileRef = 47239C0B284B3CCD003A8600 /* AppDelegate.m */; };
		47239C0F284B3CCD003A8600 /* SceneDelegate.m in Sources */ = {isa = PBXBuildFile; fileRef = 47239C0E284B3CCD003A8600 /* SceneDelegate.m */; };
		47239C12284B3CCD003A8600 /* ViewController.m in Sources */ = {isa = PBXBuildFile; fileRef = 47239C11284B3CCD003A8600 /* ViewController.m */; };
		47239C15284B3CCD003A8600 /* Main.storyboard in Resources */ = {isa = PBXBuildFile; fileRef = 47239C13284B3CCD003A8600 /* Main.storyboard */; };
		47239C17284B3CD0003A8600 /* Assets.xcassets in Resources */ = {isa = PBXBuildFile; fileRef = 47239C16284B3CD0003A8600 /* Assets.xcassets */; };
		47239C1A284B3CD0003A8600 /* LaunchScreen.storyboard in Resources */ = {isa = PBXBuildFile; fileRef = 47239C18284B3CD0003A8600 /* LaunchScreen.storyboard */; };
		47239C1D284B3CD0003A8600 /* main.m in Sources */ = {isa = PBXBuildFile; fileRef = 47239C1C284B3CD0003A8600 /* main.m */; };
		47239C26284B3D8D003A8600 /* Calculator_Brain.m in Sources */ = {isa = PBXBuildFile; fileRef = 47239C24284B3D8D003A8600 /* Calculator_Brain.m */; };
		47D98B88284B460E0093E6CB /* digitButton.m in Sources */ = {isa = PBXBuildFile; fileRef = 47D98B87284B460E0093E6CB /* digitButton.m */; };
/* End PBXBuildFile section */

/* Begin PBXFileReference section */
		47239C07284B3CCD003A8600 /* Calculator-Brain_L2.app */ = {isa = PBXFileReference; explicitFileType = wrapper.application; includeInIndex = 0; path = "Calculator-Brain_L2.app"; sourceTree = BUILT_PRODUCTS_DIR; };
		47239C0A284B3CCD003A8600 /* AppDelegate.h */ = {isa = PBXFileReference; lastKnownFileType = sourcecode.c.h; path = AppDelegate.h; sourceTree = "<group>"; };
		47239C0B284B3CCD003A8600 /* AppDelegate.m */ = {isa = PBXFileReference; lastKnownFileType = sourcecode.c.objc; path = AppDelegate.m; sourceTree = "<group>"; };
		47239C0D284B3CCD003A8600 /* SceneDelegate.h */ = {isa = PBXFileReference; lastKnownFileType = sourcecode.c.h; path = SceneDelegate.h; sourceTree = "<group>"; };
		47239C0E284B3CCD003A8600 /* SceneDelegate.m */ = {isa = PBXFileReference; lastKnownFileType = sourcecode.c.objc; path = SceneDelegate.m; sourceTree = "<group>"; };
		47239C10284B3CCD003A8600 /* ViewController.h */ = {isa = PBXFileReference; lastKnownFileType = sourcecode.c.h; path = ViewController.h; sourceTree = "<group>"; };
		47239C11284B3CCD003A8600 /* ViewController.m */ = {isa = PBXFileReference; lastKnownFileType = sourcecode.c.objc; path = ViewController.m; sourceTree = "<group>"; };
		47239C14284B3CCD003A8600 /* Base */ = {isa = PBXFileReference; lastKnownFileType = file.storyboard; name = Base; path = Base.lproj/Main.storyboard; sourceTree = "<group>"; };
		47239C16284B3CD0003A8600 /* Assets.xcassets */ = {isa = PBXFileReference; lastKnownFileType = folder.assetcatalog; path = Assets.xcassets; sourceTree = "<group>"; };
		47239C19284B3CD0003A8600 /* Base */ = {isa = PBXFileReference; lastKnownFileType = file.storyboard; name = Base; path = Base.lproj/LaunchScreen.storyboard; sourceTree = "<group>"; };
		47239C1B284B3CD0003A8600 /* Info.plist */ = {isa = PBXFileReference; lastKnownFileType = text.plist.xml; path = Info.plist; sourceTree = "<group>"; };
		47239C1C284B3CD0003A8600 /* main.m */ = {isa = PBXFileReference; lastKnownFileType = sourcecode.c.objc; path = main.m; sourceTree = "<group>"; };
		47239C24284B3D8D003A8600 /* Calculator_Brain.m */ = {isa = PBXFileReference; fileEncoding = 4; lastKnownFileType = sourcecode.c.objc; path = Calculator_Brain.m; sourceTree = "<group>"; };
		47239C25284B3D8D003A8600 /* Calculator_Brain.h */ = {isa = PBXFileReference; fileEncoding = 4; lastKnownFileType = sourcecode.c.h; path = Calculator_Brain.h; sourceTree = "<group>"; };
		47D98B86284B460E0093E6CB /* digitButton.h */ = {isa = PBXFileReference; lastKnownFileType = sourcecode.c.h; path = digitButton.h; sourceTree = "<group>"; };
		47D98B87284B460E0093E6CB /* digitButton.m */ = {isa = PBXFileReference; lastKnownFileType = sourcecode.c.objc; path = digitButton.m; sourceTree = "<group>"; };
/* End PBXFileReference section */

/* Begin PBXFrameworksBuildPhase section */
		47239C04284B3CCD003A8600 /* Frameworks */ = {
			isa = PBXFrameworksBuildPhase;
			buildActionMask = 2147483647;
			files = (
			);
			runOnlyForDeploymentPostprocessing = 0;
		};
/* End PBXFrameworksBuildPhase section */

/* Begin PBXGroup section */
		47239BFE284B3CCD003A8600 = {
			isa = PBXGroup;
			children = (
				47239C09284B3CCD003A8600 /* Calculator-Brain_L2 */,
				47239C08284B3CCD003A8600 /* Products */,
			);
			sourceTree = "<group>";
		};
		47239C08284B3CCD003A8600 /* Products */ = {
			isa = PBXGroup;
			children = (
				47239C07284B3CCD003A8600 /* Calculator-Brain_L2.app */,
			);
			name = Products;
			sourceTree = "<group>";
		};
		47239C09284B3CCD003A8600 /* Calculator-Brain_L2 */ = {
			isa = PBXGroup;
			children = (
				47239C23284B3D63003A8600 /* Model */,
				47239C0A284B3CCD003A8600 /* AppDelegate.h */,
				47239C0B284B3CCD003A8600 /* AppDelegate.m */,
				47239C0D284B3CCD003A8600 /* SceneDelegate.h */,
				47239C0E284B3CCD003A8600 /* SceneDelegate.m */,
				47239C10284B3CCD003A8600 /* ViewController.h */,
				47239C11284B3CCD003A8600 /* ViewController.m */,
				47239C13284B3CCD003A8600 /* Main.storyboard */,
				47D98B86284B460E0093E6CB /* digitButton.h */,
				47D98B87284B460E0093E6CB /* digitButton.m */,
				47239C16284B3CD0003A8600 /* Assets.xcassets */,
				47239C18284B3CD0003A8600 /* LaunchScreen.storyboard */,
				47239C1B284B3CD0003A8600 /* Info.plist */,
				47239C1C284B3CD0003A8600 /* main.m */,
			);
			path = "Calculator-Brain_L2";
			sourceTree = "<group>";
		};
		47239C23284B3D63003A8600 /* Model */ = {
			isa = PBXGroup;
			children = (
				47239C25284B3D8D003A8600 /* Calculator_Brain.h */,
				47239C24284B3D8D003A8600 /* Calculator_Brain.m */,
			);
			path = Model;
			sourceTree = "<group>";
		};
/* End PBXGroup section */

/* Begin PBXNativeTarget section */
		47239C06284B3CCD003A8600 /* Calculator-Brain_L2 */ = {
			isa = PBXNativeTarget;
			buildConfigurationList = 47239C20284B3CD0003A8600 /* Build configuration list for PBXNativeTarget "Calculator-Brain_L2" */;
			buildPhases = (
				47239C03284B3CCD003A8600 /* Sources */,
				47239C04284B3CCD003A8600 /* Frameworks */,
				47239C05284B3CCD003A8600 /* Resources */,
			);
			buildRules = (
			);
			dependencies = (
			);
			name = "Calculator-Brain_L2";
			productName = "Calculator-Brain_L2";
			productReference = 47239C07284B3CCD003A8600 /* Calculator-Brain_L2.app */;
			productType = "com.apple.product-type.application";
		};
/* End PBXNativeTarget section */

/* Begin PBXProject section */
		47239BFF284B3CCD003A8600 /* Project object */ = {
			isa = PBXProject;
			attributes = {
				BuildIndependentTargetsInParallel = 1;
				LastUpgradeCheck = 1340;
				TargetAttributes = {
					47239C06284B3CCD003A8600 = {
						CreatedOnToolsVersion = 13.4.1;
					};
				};
			};
			buildConfigurationList = 47239C02284B3CCD003A8600 /* Build configuration list for PBXProject "Calculator-Brain_L2" */;
			compatibilityVersion = "Xcode 13.0";
			developmentRegion = en;
			hasScannedForEncodings = 0;
			knownRegions = (
				en,
				Base,
			);
			mainGroup = 47239BFE284B3CCD003A8600;
			productRefGroup = 47239C08284B3CCD003A8600 /* Products */;
			projectDirPath = "";
			projectRoot = "";
			targets = (
				47239C06284B3CCD003A8600 /* Calculator-Brain_L2 */,
			);
		};
/* End PBXProject section */

/* Begin PBXResourcesBuildPhase section */
		47239C05284B3CCD003A8600 /* Resources */ = {
			isa = PBXResourcesBuildPhase;
			buildActionMask = 2147483647;
			files = (
				47239C1A284B3CD0003A8600 /* LaunchScreen.storyboard in Resources */,
				47239C17284B3CD0003A8600 /* Assets.xcassets in Resources */,
				47239C15284B3CCD003A8600 /* Main.storyboard in Resources */,
			);
			runOnlyForDeploymentPostprocessing = 0;
		};
/* End PBXResourcesBuildPhase section */

/* Begin PBXSourcesBuildPhase section */
		47239C03284B3CCD003A8600 /* Sources */ = {
			isa = PBXSourcesBuildPhase;
			buildActionMask = 2147483647;
			files = (
				47239C12284B3CCD003A8600 /* ViewController.m in Sources */,
				47239C0C284B3CCD003A8600 /* AppDelegate.m in Sources */,
				47239C26284B3D8D003A8600 /* Calculator_Brain.m in Sources */,
				47239C1D284B3CD0003A8600 /* main.m in Sources */,
				47239C0F284B3CCD003A8600 /* SceneDelegate.m in Sources */,
				47D98B88284B460E0093E6CB /* digitButton.m in Sources */,
			);
			runOnlyForDeploymentPostprocessing = 0;
		};
/* End PBXSourcesBuildPhase section */

/* Begin PBXVariantGroup section */
		47239C13284B3CCD003A8600 /* Main.storyboard */ = {
			isa = PBXVariantGroup;
			children = (
				47239C14284B3CCD003A8600 /* Base */,
			);
			name = Main.storyboard;
			sourceTree = "<group>";
		};
		47239C18284B3CD0003A8600 /* LaunchScreen.storyboard */ = {
			isa = PBXVariantGroup;
			children = (
				47239C19284B3CD0003A8600 /* Base */,
			);
			name = LaunchScreen.storyboard;
			sourceTree = "<group>";
		};
/* End PBXVariantGroup section */

/* Begin XCBuildConfiguration section */
		47239C1E284B3CD0003A8600 /* Debug */ = {
			isa = XCBuildConfiguration;
			buildSettings = {
				ALWAYS_SEARCH_USER_PATHS = NO;
				CLANG_ANALYZER_NONNULL = YES;
				CLANG_ANALYZER_NUMBER_OBJECT_CONVERSION = YES_AGGRESSIVE;
				CLANG_CXX_LANGUAGE_STANDARD = "gnu++17";
				CLANG_ENABLE_MODULES = YES;
				CLANG_ENABLE_OBJC_ARC = YES;
				CLANG_ENABLE_OBJC_WEAK = YES;
				CLANG_WARN_BLOCK_CAPTURE_AUTORELEASING = YES;
				CLANG_WARN_BOOL_CONVERSION = YES;
				CLANG_WARN_COMMA = YES;
				CLANG_WARN_CONSTANT_CONVERSION = YES;
				CLANG_WARN_DEPRECATED_OBJC_IMPLEMENTATIONS = YES;
				CLANG_WARN_DIRECT_OBJC_ISA_USAGE = YES_ERROR;
				CLANG_WARN_DOCUMENTATION_COMMENTS = YES;
				CLANG_WARN_EMPTY_BODY = YES;
				CLANG_WARN_ENUM_CONVERSION = YES;
				CLANG_WARN_INFINITE_RECURSION = YES;
				CLANG_WARN_INT_CONVERSION = YES;
				CLANG_WARN_NON_LITERAL_NULL_CONVERSION = YES;
				CLANG_WARN_OBJC_IMPLICIT_RETAIN_SELF = YES;
				CLANG_WARN_OBJC_LITERAL_CONVERSION = YES;
				CLANG_WARN_OBJC_ROOT_CLASS = YES_ERROR;
				CLANG_WARN_QUOTED_INCLUDE_IN_FRAMEWORK_HEADER = YES;
				CLANG_WARN_RANGE_LOOP_ANALYSIS = YES;
				CLANG_WARN_STRICT_PROTOTYPES = YES;
				CLANG_WARN_SUSPICIOUS_MOVE = YES;
				CLANG_WARN_UNGUARDED_AVAILABILITY = YES_AGGRESSIVE;
				CLANG_WARN_UNREACHABLE_CODE = YES;
				CLANG_WARN__DUPLICATE_METHOD_MATCH = YES;
				COPY_PHASE_STRIP = NO;
				DEBUG_INFORMATION_FORMAT = dwarf;
				ENABLE_STRICT_OBJC_MSGSEND = YES;
				ENABLE_TESTABILITY = YES;
				GCC_C_LANGUAGE_STANDARD = gnu11;
				GCC_DYNAMIC_NO_PIC = NO;
				GCC_NO_COMMON_BLOCKS = YES;
				GCC_OPTIMIZATION_LEVEL = 0;
				GCC_PREPROCESSOR_DEFINITIONS = (
					"DEBUG=1",
					"$(inherited)",
				);
				GCC_WARN_64_TO_32_BIT_CONVERSION = YES;
				GCC_WARN_ABOUT_RETURN_TYPE = YES_ERROR;
				GCC_WARN_UNDECLARED_SELECTOR = YES;
				GCC_WARN_UNINITIALIZED_AUTOS = YES_AGGRESSIVE;
				GCC_WARN_UNUSED_FUNCTION = YES;
				GCC_WARN_UNUSED_VARIABLE = YES;
				IPHONEOS_DEPLOYMENT_TARGET = 15.5;
				MTL_ENABLE_DEBUG_INFO = INCLUDE_SOURCE;
				MTL_FAST_MATH = YES;
				ONLY_ACTIVE_ARCH = YES;
				SDKROOT = iphoneos;
			};
			name = Debug;
		};
		47239C1F284B3CD0003A8600 /* Release */ = {
			isa = XCBuildConfiguration;
			buildSettings = {
				ALWAYS_SEARCH_USER_PATHS = NO;
				CLANG_ANALYZER_NONNULL = YES;
				CLANG_ANALYZER_NUMBER_OBJECT_CONVERSION = YES_AGGRESSIVE;
				CLANG_CXX_LANGUAGE_STANDARD = "gnu++17";
				CLANG_ENABLE_MODULES = YES;
				CLANG_ENABLE_OBJC_ARC = YES;
				CLANG_ENABLE_OBJC_WEAK = YES;
				CLANG_WARN_BLOCK_CAPTURE_AUTORELEASING = YES;
				CLANG_WARN_BOOL_CONVERSION = YES;
				CLANG_WARN_COMMA = YES;
				CLANG_WARN_CONSTANT_CONVERSION = YES;
				CLANG_WARN_DEPRECATED_OBJC_IMPLEMENTATIONS = YES;
				CLANG_WARN_DIRECT_OBJC_ISA_USAGE = YES_ERROR;
				CLANG_WARN_DOCUMENTATION_COMMENTS = YES;
				CLANG_WARN_EMPTY_BODY = YES;
				CLANG_WARN_ENUM_CONVERSION = YES;
				CLANG_WARN_INFINITE_RECURSION = YES;
				CLANG_WARN_INT_CONVERSION = YES;
				CLANG_WARN_NON_LITERAL_NULL_CONVERSION = YES;
				CLANG_WARN_OBJC_IMPLICIT_RETAIN_SELF = YES;
				CLANG_WARN_OBJC_LITERAL_CONVERSION = YES;
				CLANG_WARN_OBJC_ROOT_CLASS = YES_ERROR;
				CLANG_WARN_QUOTED_INCLUDE_IN_FRAMEWORK_HEADER = YES;
				CLANG_WARN_RANGE_LOOP_ANALYSIS = YES;
				CLANG_WARN_STRICT_PROTOTYPES = YES;
				CLANG_WARN_SUSPICIOUS_MOVE = YES;
				CLANG_WARN_UNGUARDED_AVAILABILITY = YES_AGGRESSIVE;
				CLANG_WARN_UNREACHABLE_CODE = YES;
				CLANG_WARN__DUPLICATE_METHOD_MATCH = YES;
				COPY_PHASE_STRIP = NO;
				DEBUG_INFORMATION_FORMAT = "dwarf-with-dsym";
				ENABLE_NS_ASSERTIONS = NO;
				ENABLE_STRICT_OBJC_MSGSEND = YES;
				GCC_C_LANGUAGE_STANDARD = gnu11;
				GCC_NO_COMMON_BLOCKS = YES;
				GCC_WARN_64_TO_32_BIT_CONVERSION = YES;
				GCC_WARN_ABOUT_RETURN_TYPE = YES_ERROR;
				GCC_WARN_UNDECLARED_SELECTOR = YES;
				GCC_WARN_UNINITIALIZED_AUTOS = YES_AGGRESSIVE;
				GCC_WARN_UNUSED_FUNCTION = YES;
				GCC_WARN_UNUSED_VARIABLE = YES;
				IPHONEOS_DEPLOYMENT_TARGET = 15.5;
				MTL_ENABLE_DEBUG_INFO = NO;
				MTL_FAST_MATH = YES;
				SDKROOT = iphoneos;
				VALIDATE_PRODUCT = YES;
			};
			name = Release;
		};
		47239C21284B3CD0003A8600 /* Debug */ = {
			isa = XCBuildConfiguration;
			buildSettings = {
				ASSETCATALOG_COMPILER_APPICON_NAME = AppIcon;
				ASSETCATALOG_COMPILER_GLOBAL_ACCENT_COLOR_NAME = AccentColor;
				CODE_SIGN_STYLE = Automatic;
				CURRENT_PROJECT_VERSION = 1;
				GENERATE_INFOPLIST_FILE = YES;
				INFOPLIST_FILE = "Calculator-Brain_L2/Info.plist";
				INFOPLIST_KEY_UIApplicationSupportsIndirectInputEvents = YES;
				INFOPLIST_KEY_UILaunchStoryboardName = LaunchScreen;
				INFOPLIST_KEY_UIMainStoryboardFile = Main;
				INFOPLIST_KEY_UISupportedInterfaceOrientations_iPad = "UIInterfaceOrientationPortrait UIInterfaceOrientationPortraitUpsideDown UIInterfaceOrientationLandscapeLeft UIInterfaceOrientationLandscapeRight";
				INFOPLIST_KEY_UISupportedInterfaceOrientations_iPhone = "UIInterfaceOrientationPortrait UIInterfaceOrientationLandscapeLeft UIInterfaceOrientationLandscapeRight";
				LD_RUNPATH_SEARCH_PATHS = (
					"$(inherited)",
					"@executable_path/Frameworks",
				);
				MARKETING_VERSION = 1.0;
				PRODUCT_BUNDLE_IDENTIFIER = "ca-batunpc.Calculator-Brain-L2";
				PRODUCT_NAME = "$(TARGET_NAME)";
				SWIFT_EMIT_LOC_STRINGS = YES;
				TARGETED_DEVICE_FAMILY = "1,2";
			};
			name = Debug;
		};
		47239C22284B3CD0003A8600 /* Release */ = {
			isa = XCBuildConfiguration;
			buildSettings = {
				ASSETCATALOG_COMPILER_APPICON_NAME = AppIcon;
				ASSETCATALOG_COMPILER_GLOBAL_ACCENT_COLOR_NAME = AccentColor;
				CODE_SIGN_STYLE = Automatic;
				CURRENT_PROJECT_VERSION = 1;
				GENERATE_INFOPLIST_FILE = YES;
				INFOPLIST_FILE = "Calculator-Brain_L2/Info.plist";
				INFOPLIST_KEY_UIApplicationSupportsIndirectInputEvents = YES;
				INFOPLIST_KEY_UILaunchStoryboardName = LaunchScreen;
				INFOPLIST_KEY_UIMainStoryboardFile = Main;
				INFOPLIST_KEY_UISupportedInterfaceOrientations_iPad = "UIInterfaceOrientationPortrait UIInterfaceOrientationPortraitUpsideDown UIInterfaceOrientationLandscapeLeft UIInterfaceOrientationLandscapeRight";
				INFOPLIST_KEY_UISupportedInterfaceOrientations_iPhone = "UIInterfaceOrientationPortrait UIInterfaceOrientationLandscapeLeft UIInterfaceOrientationLandscapeRight";
				LD_RUNPATH_SEARCH_PATHS = (
					"$(inherited)",
					"@executable_path/Frameworks",
				);
				MARKETING_VERSION = 1.0;
				PRODUCT_BUNDLE_IDENTIFIER = "ca-batunpc.Calculator-Brain-L2";
				PRODUCT_NAME = "$(TARGET_NAME)";
				SWIFT_EMIT_LOC_STRINGS = YES;
				TARGETED_DEVICE_FAMILY = "1,2";
			};
			name = Release;
		};
/* End XCBuildConfiguration section */

/* Begin XCConfigurationList section */
		47239C02284B3CCD003A8600 /* Build configuration list for PBXProject "Calculator-Brain_L2" */ = {
			isa = XCConfigurationList;
			buildConfigurations = (
				47239C1E284B3CD0003A8600 /* Debug */,
				47239C1F284B3CD0003A8600 /* Release */,
			);
			defaultConfigurationIsVisible = 0;
			defaultConfigurationName = Release;
		};
		47239C20284B3CD0003A8600 /* Build configuration list for PBXNativeTarget "Calculator-Brain_L2" */ = {
			isa = XCConfigurationList;
			buildConfigurations = (
				47239C21284B3CD0003A8600 /* Debug */,
				47239C22284B3CD0003A8600 /* Release */,
			);
			defaultConfigurationIsVisible = 0;
			defaultConfigurationName = Release;
		};
/* End XCConfigurationList section */
	};
	rootObject = 47239BFF284B3CCD003A8600 /* Project object */;
}
